
Microsoft Visual Studio Solution File, Format Version 12.00
# Visual Studio Version 16
VisualStudioVersion = 16.0.30804.86
MinimumVisualStudioVersion = 10.0.40219.1
Project("{FAE04EC0-301F-11D3-BF4B-00C04F79EFBC}") = "TargetBridge", "TargetBridge\TargetBridge.csproj", "{2100B51E-E953-4BBC-A11F-0453F69BE105}"
EndProject
Global
	GlobalSection(SolutionConfigurationPlatforms) = preSolution
		Debug|Any CPU = Debug|Any CPU
		Release|Any CPU = Release|Any CPU
	EndGlobalSection
	GlobalSection(ProjectConfigurationPlatforms) = postSolution
		{2100B51E-E953-4BBC-A11F-0453F69BE105}.Debug|Any CPU.ActiveCfg = Debug|Any CPU
		{2100B51E-E953-4BBC-A11F-0453F69BE105}.Debug|Any CPU.Build.0 = Debug|Any CPU
		{2100B51E-E953-4BBC-A11F-0453F69BE105}.Release|Any CPU.ActiveCfg = Release|Any CPU
		{2100B51E-E953-4BBC-A11F-0453F69BE105}.Release|Any CPU.Build.0 = Release|Any CPU
	EndGlobalSection
	GlobalSection(SolutionProperties) = preSolution
		HideSolutionNode = FALSE
	EndGlobalSection
	GlobalSection(ExtensibilityGlobals) = postSolution
		SolutionGuid = {DBDE2481-9E6E-4D42-B25C-B9D44285ABBB}
	EndGlobalSection
EndGlobal
